// !$*UTF8*$!
{
	archiveVersion = 1;
	classes = {
	};
	objectVersion = 56;
	objects = {

/* Begin PBXBuildFile section */
		622BFC642C6A4D07001BF7C3 /* GameViewModel.swift in Sources */ = {isa = PBXBuildFile; fileRef = 622BFC632C6A4D07001BF7C3 /* GameViewModel.swift */; };
		622BFC662C6A4D1F001BF7C3 /* WorkoutViewModel.swift in Sources */ = {isa = PBXBuildFile; fileRef = 622BFC652C6A4D1E001BF7C3 /* WorkoutViewModel.swift */; };
		622BFC682C6A4D2F001BF7C3 /* DashboardViewModel.swift in Sources */ = {isa = PBXBuildFile; fileRef = 622BFC672C6A4D2F001BF7C3 /* DashboardViewModel.swift */; };
		622BFC6D2C6A53A5001BF7C3 /* GameView.swift in Sources */ = {isa = PBXBuildFile; fileRef = 622BFC6C2C6A53A5001BF7C3 /* GameView.swift */; };
		622BFC6F2C6A53D0001BF7C3 /* SummaryView.swift in Sources */ = {isa = PBXBuildFile; fileRef = 622BFC6E2C6A53D0001BF7C3 /* SummaryView.swift */; };
		622BFC712C6A543E001BF7C3 /* DashboardView.swift in Sources */ = {isa = PBXBuildFile; fileRef = 622BFC702C6A543E001BF7C3 /* DashboardView.swift */; };
		622BFC732C6A54A4001BF7C3 /* WorkoutDetailView.swift in Sources */ = {isa = PBXBuildFile; fileRef = 622BFC722C6A54A4001BF7C3 /* WorkoutDetailView.swift */; };
		622BFC762C6A559B001BF7C3 /* GameService.swift in Sources */ = {isa = PBXBuildFile; fileRef = 622BFC752C6A559B001BF7C3 /* GameService.swift */; };
		622BFC782C6A55A5001BF7C3 /* GameManager.swift in Sources */ = {isa = PBXBuildFile; fileRef = 622BFC772C6A55A5001BF7C3 /* GameManager.swift */; };
		622BFC7B2C6A5631001BF7C3 /* VisionService.swift in Sources */ = {isa = PBXBuildFile; fileRef = 622BFC7A2C6A5631001BF7C3 /* VisionService.swift */; };
		622BFC7D2C6A563F001BF7C3 /* VisionManager.swift in Sources */ = {isa = PBXBuildFile; fileRef = 622BFC7C2C6A563F001BF7C3 /* VisionManager.swift */; };
		622BFC802C6A565D001BF7C3 /* VisionHelper.swift in Sources */ = {isa = PBXBuildFile; fileRef = 622BFC7F2C6A565D001BF7C3 /* VisionHelper.swift */; };
		622BFC832C6A5723001BF7C3 /* CameraService.swift in Sources */ = {isa = PBXBuildFile; fileRef = 622BFC822C6A5723001BF7C3 /* CameraService.swift */; };
		622BFC852C6A5745001BF7C3 /* CameraManager.swift in Sources */ = {isa = PBXBuildFile; fileRef = 622BFC842C6A5745001BF7C3 /* CameraManager.swift */; };
		622BFC882C6A578D001BF7C3 /* Challenge.swift in Sources */ = {isa = PBXBuildFile; fileRef = 622BFC872C6A578D001BF7C3 /* Challenge.swift */; };
		622BFC8A2C6A57A4001BF7C3 /* Session.swift in Sources */ = {isa = PBXBuildFile; fileRef = 622BFC892C6A57A3001BF7C3 /* Session.swift */; };
		622BFC8C2C6A57BB001BF7C3 /* WorkoutDifficulty.swift in Sources */ = {isa = PBXBuildFile; fileRef = 622BFC8B2C6A57BB001BF7C3 /* WorkoutDifficulty.swift */; };
		622BFC922C6A58C6001BF7C3 /* Score.swift in Sources */ = {isa = PBXBuildFile; fileRef = 622BFC912C6A58C6001BF7C3 /* Score.swift */; };
		622BFC942C6A593C001BF7C3 /* Level.swift in Sources */ = {isa = PBXBuildFile; fileRef = 622BFC932C6A593C001BF7C3 /* Level.swift */; };
		622BFC982C6A5952001BF7C3 /* WorkoutType.swift in Sources */ = {isa = PBXBuildFile; fileRef = 622BFC972C6A5952001BF7C3 /* WorkoutType.swift */; };
		622BFC9B2C6A59B4001BF7C3 /* GameRepositoryService.swift in Sources */ = {isa = PBXBuildFile; fileRef = 622BFC9A2C6A59B4001BF7C3 /* GameRepositoryService.swift */; };
		622BFC9D2C6A59DD001BF7C3 /* GameRepositoryManager.swift in Sources */ = {isa = PBXBuildFile; fileRef = 622BFC9C2C6A59DD001BF7C3 /* GameRepositoryManager.swift */; };
		622BFC9F2C6A59FF001BF7C3 /* WorkoutRepositoryService.swift in Sources */ = {isa = PBXBuildFile; fileRef = 622BFC9E2C6A59FF001BF7C3 /* WorkoutRepositoryService.swift */; };
		622BFCA12C6A5A21001BF7C3 /* WorkoutRepositoryManager.swift in Sources */ = {isa = PBXBuildFile; fileRef = 622BFCA02C6A5A21001BF7C3 /* WorkoutRepositoryManager.swift */; };
		622BFCA32C6A5A30001BF7C3 /* DashboardRepositoryManager.swift in Sources */ = {isa = PBXBuildFile; fileRef = 622BFCA22C6A5A30001BF7C3 /* DashboardRepositoryManager.swift */; };
		622BFCA52C6A5A5D001BF7C3 /* DashboardRepositoryService.swift in Sources */ = {isa = PBXBuildFile; fileRef = 622BFCA42C6A5A5D001BF7C3 /* DashboardRepositoryService.swift */; };
		622BFCA72C6A5A9A001BF7C3 /* ChallengeView.swift in Sources */ = {isa = PBXBuildFile; fileRef = 622BFCA62C6A5A9A001BF7C3 /* ChallengeView.swift */; };
		622BFCA92C6A5EF4001BF7C3 /* ScoreDetail.swift in Sources */ = {isa = PBXBuildFile; fileRef = 622BFCA82C6A5EF4001BF7C3 /* ScoreDetail.swift */; };
		622BFCAB2C6A618E001BF7C3 /* Workout.swift in Sources */ = {isa = PBXBuildFile; fileRef = 622BFCAA2C6A618E001BF7C3 /* Workout.swift */; };
		622BFCAE2C6A67AB001BF7C3 /* Joke.swift in Sources */ = {isa = PBXBuildFile; fileRef = 622BFCAD2C6A67AB001BF7C3 /* Joke.swift */; };
		BA7F33A92C624A3B0053C1A6 /* PawAndActiveApp.swift in Sources */ = {isa = PBXBuildFile; fileRef = BA7F33A82C624A3B0053C1A6 /* PawAndActiveApp.swift */; };
		BA7F33AB2C624A3B0053C1A6 /* ContentView.swift in Sources */ = {isa = PBXBuildFile; fileRef = BA7F33AA2C624A3B0053C1A6 /* ContentView.swift */; };
		BA7F33AD2C624A3B0053C1A6 /* Item.swift in Sources */ = {isa = PBXBuildFile; fileRef = BA7F33AC2C624A3B0053C1A6 /* Item.swift */; };
		BA7F33AF2C624A3D0053C1A6 /* Assets.xcassets in Resources */ = {isa = PBXBuildFile; fileRef = BA7F33AE2C624A3D0053C1A6 /* Assets.xcassets */; };
		BA7F33B22C624A3D0053C1A6 /* Preview Assets.xcassets in Resources */ = {isa = PBXBuildFile; fileRef = BA7F33B12C624A3D0053C1A6 /* Preview Assets.xcassets */; };
		BA886C5D2C660313009F8231 /* JokesGatchaService.swift in Sources */ = {isa = PBXBuildFile; fileRef = BA886C5C2C660313009F8231 /* JokesGatchaService.swift */; };
		BA886C5F2C660FA7009F8231 /* jokes.json in Resources */ = {isa = PBXBuildFile; fileRef = BA886C5E2C660FA7009F8231 /* jokes.json */; };
		BA886C612C660FBA009F8231 /* JokesGatchaManager.swift in Sources */ = {isa = PBXBuildFile; fileRef = BA886C602C660FBA009F8231 /* JokesGatchaManager.swift */; };
		BA886C652C6610D5009F8231 /* JokeDto.swift in Sources */ = {isa = PBXBuildFile; fileRef = BA886C642C6610D5009F8231 /* JokeDto.swift */; };
		BA886C6A2C661351009F8231 /* JokeError.swift in Sources */ = {isa = PBXBuildFile; fileRef = BA886C692C661351009F8231 /* JokeError.swift */; };
/* End PBXBuildFile section */

/* Begin PBXFileReference section */
		622BFC632C6A4D07001BF7C3 /* GameViewModel.swift */ = {isa = PBXFileReference; lastKnownFileType = sourcecode.swift; path = GameViewModel.swift; sourceTree = "<group>"; };
		622BFC652C6A4D1E001BF7C3 /* WorkoutViewModel.swift */ = {isa = PBXFileReference; lastKnownFileType = sourcecode.swift; path = WorkoutViewModel.swift; sourceTree = "<group>"; };
		622BFC672C6A4D2F001BF7C3 /* DashboardViewModel.swift */ = {isa = PBXFileReference; lastKnownFileType = sourcecode.swift; path = DashboardViewModel.swift; sourceTree = "<group>"; };
		622BFC6C2C6A53A5001BF7C3 /* GameView.swift */ = {isa = PBXFileReference; lastKnownFileType = sourcecode.swift; path = GameView.swift; sourceTree = "<group>"; };
		622BFC6E2C6A53D0001BF7C3 /* SummaryView.swift */ = {isa = PBXFileReference; lastKnownFileType = sourcecode.swift; path = SummaryView.swift; sourceTree = "<group>"; };
		622BFC702C6A543E001BF7C3 /* DashboardView.swift */ = {isa = PBXFileReference; lastKnownFileType = sourcecode.swift; path = DashboardView.swift; sourceTree = "<group>"; };
		622BFC722C6A54A4001BF7C3 /* WorkoutDetailView.swift */ = {isa = PBXFileReference; lastKnownFileType = sourcecode.swift; path = WorkoutDetailView.swift; sourceTree = "<group>"; };
		622BFC752C6A559B001BF7C3 /* GameService.swift */ = {isa = PBXFileReference; lastKnownFileType = sourcecode.swift; path = GameService.swift; sourceTree = "<group>"; };
		622BFC772C6A55A5001BF7C3 /* GameManager.swift */ = {isa = PBXFileReference; lastKnownFileType = sourcecode.swift; path = GameManager.swift; sourceTree = "<group>"; };
		622BFC7A2C6A5631001BF7C3 /* VisionService.swift */ = {isa = PBXFileReference; lastKnownFileType = sourcecode.swift; path = VisionService.swift; sourceTree = "<group>"; };
		622BFC7C2C6A563F001BF7C3 /* VisionManager.swift */ = {isa = PBXFileReference; lastKnownFileType = sourcecode.swift; path = VisionManager.swift; sourceTree = "<group>"; };
		622BFC7F2C6A565D001BF7C3 /* VisionHelper.swift */ = {isa = PBXFileReference; lastKnownFileType = sourcecode.swift; path = VisionHelper.swift; sourceTree = "<group>"; };
		622BFC822C6A5723001BF7C3 /* CameraService.swift */ = {isa = PBXFileReference; lastKnownFileType = sourcecode.swift; path = CameraService.swift; sourceTree = "<group>"; };
		622BFC842C6A5745001BF7C3 /* CameraManager.swift */ = {isa = PBXFileReference; lastKnownFileType = sourcecode.swift; path = CameraManager.swift; sourceTree = "<group>"; };
		622BFC872C6A578D001BF7C3 /* Challenge.swift */ = {isa = PBXFileReference; lastKnownFileType = sourcecode.swift; path = Challenge.swift; sourceTree = "<group>"; };
		622BFC892C6A57A3001BF7C3 /* Session.swift */ = {isa = PBXFileReference; lastKnownFileType = sourcecode.swift; path = Session.swift; sourceTree = "<group>"; };
		622BFC8B2C6A57BB001BF7C3 /* WorkoutDifficulty.swift */ = {isa = PBXFileReference; lastKnownFileType = sourcecode.swift; path = WorkoutDifficulty.swift; sourceTree = "<group>"; };
		622BFC912C6A58C6001BF7C3 /* Score.swift */ = {isa = PBXFileReference; lastKnownFileType = sourcecode.swift; path = Score.swift; sourceTree = "<group>"; };
		622BFC932C6A593C001BF7C3 /* Level.swift */ = {isa = PBXFileReference; lastKnownFileType = sourcecode.swift; path = Level.swift; sourceTree = "<group>"; };
		622BFC972C6A5952001BF7C3 /* WorkoutType.swift */ = {isa = PBXFileReference; lastKnownFileType = sourcecode.swift; path = WorkoutType.swift; sourceTree = "<group>"; };
		622BFC9A2C6A59B4001BF7C3 /* GameRepositoryService.swift */ = {isa = PBXFileReference; lastKnownFileType = sourcecode.swift; path = GameRepositoryService.swift; sourceTree = "<group>"; };
		622BFC9C2C6A59DD001BF7C3 /* GameRepositoryManager.swift */ = {isa = PBXFileReference; lastKnownFileType = sourcecode.swift; path = GameRepositoryManager.swift; sourceTree = "<group>"; };
		622BFC9E2C6A59FF001BF7C3 /* WorkoutRepositoryService.swift */ = {isa = PBXFileReference; lastKnownFileType = sourcecode.swift; path = WorkoutRepositoryService.swift; sourceTree = "<group>"; };
		622BFCA02C6A5A21001BF7C3 /* WorkoutRepositoryManager.swift */ = {isa = PBXFileReference; lastKnownFileType = sourcecode.swift; path = WorkoutRepositoryManager.swift; sourceTree = "<group>"; };
		622BFCA22C6A5A30001BF7C3 /* DashboardRepositoryManager.swift */ = {isa = PBXFileReference; lastKnownFileType = sourcecode.swift; path = DashboardRepositoryManager.swift; sourceTree = "<group>"; };
		622BFCA42C6A5A5D001BF7C3 /* DashboardRepositoryService.swift */ = {isa = PBXFileReference; lastKnownFileType = sourcecode.swift; path = DashboardRepositoryService.swift; sourceTree = "<group>"; };
		622BFCA62C6A5A9A001BF7C3 /* ChallengeView.swift */ = {isa = PBXFileReference; lastKnownFileType = sourcecode.swift; path = ChallengeView.swift; sourceTree = "<group>"; };
		622BFCA82C6A5EF4001BF7C3 /* ScoreDetail.swift */ = {isa = PBXFileReference; lastKnownFileType = sourcecode.swift; path = ScoreDetail.swift; sourceTree = "<group>"; };
		622BFCAA2C6A618E001BF7C3 /* Workout.swift */ = {isa = PBXFileReference; lastKnownFileType = sourcecode.swift; path = Workout.swift; sourceTree = "<group>"; };
		622BFCAD2C6A67AB001BF7C3 /* Joke.swift */ = {isa = PBXFileReference; lastKnownFileType = sourcecode.swift; path = Joke.swift; sourceTree = "<group>"; };
		BA7F33A52C624A3B0053C1A6 /* PawAndActive.app */ = {isa = PBXFileReference; explicitFileType = wrapper.application; includeInIndex = 0; path = PawAndActive.app; sourceTree = BUILT_PRODUCTS_DIR; };
		BA7F33A82C624A3B0053C1A6 /* PawAndActiveApp.swift */ = {isa = PBXFileReference; lastKnownFileType = sourcecode.swift; path = PawAndActiveApp.swift; sourceTree = "<group>"; };
		BA7F33AA2C624A3B0053C1A6 /* ContentView.swift */ = {isa = PBXFileReference; lastKnownFileType = sourcecode.swift; path = ContentView.swift; sourceTree = "<group>"; };
		BA7F33AC2C624A3B0053C1A6 /* Item.swift */ = {isa = PBXFileReference; lastKnownFileType = sourcecode.swift; path = Item.swift; sourceTree = "<group>"; };
		BA7F33AE2C624A3D0053C1A6 /* Assets.xcassets */ = {isa = PBXFileReference; lastKnownFileType = folder.assetcatalog; path = Assets.xcassets; sourceTree = "<group>"; };
		BA7F33B12C624A3D0053C1A6 /* Preview Assets.xcassets */ = {isa = PBXFileReference; lastKnownFileType = folder.assetcatalog; path = "Preview Assets.xcassets"; sourceTree = "<group>"; };
		BA7F33B32C624A3D0053C1A6 /* PawAndActive.entitlements */ = {isa = PBXFileReference; lastKnownFileType = text.plist.entitlements; path = PawAndActive.entitlements; sourceTree = "<group>"; };
		BA7F33B42C624A3D0053C1A6 /* Info.plist */ = {isa = PBXFileReference; lastKnownFileType = text.plist.xml; path = Info.plist; sourceTree = "<group>"; };
		BA886C5C2C660313009F8231 /* JokesGatchaService.swift */ = {isa = PBXFileReference; lastKnownFileType = sourcecode.swift; path = JokesGatchaService.swift; sourceTree = "<group>"; };
		BA886C5E2C660FA7009F8231 /* jokes.json */ = {isa = PBXFileReference; fileEncoding = 4; lastKnownFileType = text.json; path = jokes.json; sourceTree = "<group>"; };
		BA886C602C660FBA009F8231 /* JokesGatchaManager.swift */ = {isa = PBXFileReference; lastKnownFileType = sourcecode.swift; path = JokesGatchaManager.swift; sourceTree = "<group>"; };
		BA886C642C6610D5009F8231 /* JokeDto.swift */ = {isa = PBXFileReference; lastKnownFileType = sourcecode.swift; path = JokeDto.swift; sourceTree = "<group>"; };
		BA886C692C661351009F8231 /* JokeError.swift */ = {isa = PBXFileReference; lastKnownFileType = sourcecode.swift; path = JokeError.swift; sourceTree = "<group>"; };
/* End PBXFileReference section */

/* Begin PBXFrameworksBuildPhase section */
		BA7F33A22C624A3B0053C1A6 /* Frameworks */ = {
			isa = PBXFrameworksBuildPhase;
			buildActionMask = 2147483647;
			files = (
			);
			runOnlyForDeploymentPostprocessing = 0;
		};
/* End PBXFrameworksBuildPhase section */

/* Begin PBXGroup section */
		622BFC612C6A4CBB001BF7C3 /* UI */ = {
			isa = PBXGroup;
			children = (
				622BFC6A2C6A50E9001BF7C3 /* Game */,
				622BFC692C6A50CD001BF7C3 /* Dashboard */,
				622BFC6B2C6A50F1001BF7C3 /* Workout */,
				622BFC622C6A4CEA001BF7C3 /* ViewModel */,
			);
			path = UI;
			sourceTree = "<group>";
		};
		622BFC622C6A4CEA001BF7C3 /* ViewModel */ = {
			isa = PBXGroup;
			children = (
				622BFC632C6A4D07001BF7C3 /* GameViewModel.swift */,
				622BFC652C6A4D1E001BF7C3 /* WorkoutViewModel.swift */,
				622BFC672C6A4D2F001BF7C3 /* DashboardViewModel.swift */,
			);
			path = ViewModel;
			sourceTree = "<group>";
		};
		622BFC692C6A50CD001BF7C3 /* Dashboard */ = {
			isa = PBXGroup;
			children = (
				622BFC702C6A543E001BF7C3 /* DashboardView.swift */,
				622BFCA62C6A5A9A001BF7C3 /* ChallengeView.swift */,
			);
			path = Dashboard;
			sourceTree = "<group>";
		};
		622BFC6A2C6A50E9001BF7C3 /* Game */ = {
			isa = PBXGroup;
			children = (
				622BFC6C2C6A53A5001BF7C3 /* GameView.swift */,
				622BFC6E2C6A53D0001BF7C3 /* SummaryView.swift */,
			);
			path = Game;
			sourceTree = "<group>";
		};
		622BFC6B2C6A50F1001BF7C3 /* Workout */ = {
			isa = PBXGroup;
			children = (
				622BFC722C6A54A4001BF7C3 /* WorkoutDetailView.swift */,
			);
			path = Workout;
			sourceTree = "<group>";
		};
		622BFC742C6A5566001BF7C3 /* Game */ = {
			isa = PBXGroup;
			children = (
				622BFC752C6A559B001BF7C3 /* GameService.swift */,
				622BFC772C6A55A5001BF7C3 /* GameManager.swift */,
			);
			path = Game;
			sourceTree = "<group>";
		};
		622BFC792C6A55AA001BF7C3 /* Vision */ = {
			isa = PBXGroup;
			children = (
				622BFC7A2C6A5631001BF7C3 /* VisionService.swift */,
				622BFC7C2C6A563F001BF7C3 /* VisionManager.swift */,
			);
			path = Vision;
			sourceTree = "<group>";
		};
		622BFC7E2C6A5644001BF7C3 /* Helper */ = {
			isa = PBXGroup;
			children = (
				622BFC7F2C6A565D001BF7C3 /* VisionHelper.swift */,
			);
			path = Helper;
			sourceTree = "<group>";
		};
		622BFC812C6A5700001BF7C3 /* Camera */ = {
			isa = PBXGroup;
			children = (
				622BFC822C6A5723001BF7C3 /* CameraService.swift */,
				622BFC842C6A5745001BF7C3 /* CameraManager.swift */,
			);
			path = Camera;
			sourceTree = "<group>";
		};
		622BFC862C6A575A001BF7C3 /* Entity */ = {
			isa = PBXGroup;
			children = (
				622BFC872C6A578D001BF7C3 /* Challenge.swift */,
				622BFC892C6A57A3001BF7C3 /* Session.swift */,
				622BFC8B2C6A57BB001BF7C3 /* WorkoutDifficulty.swift */,
				622BFCAD2C6A67AB001BF7C3 /* Joke.swift */,
			);
			path = Entity;
			sourceTree = "<group>";
		};
		622BFC992C6A5971001BF7C3 /* Repository */ = {
			isa = PBXGroup;
			children = (
				622BFC9A2C6A59B4001BF7C3 /* GameRepositoryService.swift */,
				622BFC9C2C6A59DD001BF7C3 /* GameRepositoryManager.swift */,
				622BFC9E2C6A59FF001BF7C3 /* WorkoutRepositoryService.swift */,
				622BFCA02C6A5A21001BF7C3 /* WorkoutRepositoryManager.swift */,
				622BFCA42C6A5A5D001BF7C3 /* DashboardRepositoryService.swift */,
				622BFCA22C6A5A30001BF7C3 /* DashboardRepositoryManager.swift */,
			);
			path = Repository;
			sourceTree = "<group>";
		};
		BA7F339C2C624A3B0053C1A6 = {
			isa = PBXGroup;
			children = (
				BA7F33A72C624A3B0053C1A6 /* PawAndActive */,
				BA7F33A62C624A3B0053C1A6 /* Products */,
			);
			sourceTree = "<group>";
		};
		BA7F33A62C624A3B0053C1A6 /* Products */ = {
			isa = PBXGroup;
			children = (
				BA7F33A52C624A3B0053C1A6 /* PawAndActive.app */,
			);
			name = Products;
			sourceTree = "<group>";
		};
		BA7F33A72C624A3B0053C1A6 /* PawAndActive */ = {
			isa = PBXGroup;
			children = (
				BA886C622C661013009F8231 /* Data */,
				622BFC7E2C6A5644001BF7C3 /* Helper */,
				BA886C5A2C66029D009F8231 /* Manager */,
				622BFC612C6A4CBB001BF7C3 /* UI */,
				BA7F33A82C624A3B0053C1A6 /* PawAndActiveApp.swift */,
				BA7F33AA2C624A3B0053C1A6 /* ContentView.swift */,
				BA7F33AC2C624A3B0053C1A6 /* Item.swift */,
				BA7F33AE2C624A3D0053C1A6 /* Assets.xcassets */,
				BA7F33B32C624A3D0053C1A6 /* PawAndActive.entitlements */,
				BA7F33B42C624A3D0053C1A6 /* Info.plist */,
				BA7F33B02C624A3D0053C1A6 /* Preview Content */,
			);
			path = PawAndActive;
			sourceTree = "<group>";
		};
		BA7F33B02C624A3D0053C1A6 /* Preview Content */ = {
			isa = PBXGroup;
			children = (
				BA7F33B12C624A3D0053C1A6 /* Preview Assets.xcassets */,
			);
			path = "Preview Content";
			sourceTree = "<group>";
		};
		BA886C5A2C66029D009F8231 /* Manager */ = {
			isa = PBXGroup;
			children = (
				622BFC992C6A5971001BF7C3 /* Repository */,
				622BFC812C6A5700001BF7C3 /* Camera */,
				622BFC742C6A5566001BF7C3 /* Game */,
				622BFC792C6A55AA001BF7C3 /* Vision */,
				BA886C5B2C6602F1009F8231 /* JokesGatcha */,
			);
			path = Manager;
			sourceTree = "<group>";
		};
		BA886C5B2C6602F1009F8231 /* JokesGatcha */ = {
			isa = PBXGroup;
			children = (
				BA886C5E2C660FA7009F8231 /* jokes.json */,
				BA886C5C2C660313009F8231 /* JokesGatchaService.swift */,
				BA886C602C660FBA009F8231 /* JokesGatchaManager.swift */,
			);
			path = JokesGatcha;
			sourceTree = "<group>";
		};
		BA886C622C661013009F8231 /* Data */ = {
			isa = PBXGroup;
			children = (
				622BFC862C6A575A001BF7C3 /* Entity */,
				BA886C682C661342009F8231 /* Enum */,
				BA886C632C66107B009F8231 /* Model */,
			);
			path = Data;
			sourceTree = "<group>";
		};
		BA886C632C66107B009F8231 /* Model */ = {
			isa = PBXGroup;
			children = (
				BA886C642C6610D5009F8231 /* JokeDto.swift */,
				622BFCA82C6A5EF4001BF7C3 /* ScoreDetail.swift */,
				622BFCAA2C6A618E001BF7C3 /* Workout.swift */,
			);
			path = Model;
			sourceTree = "<group>";
		};
		BA886C682C661342009F8231 /* Enum */ = {
			isa = PBXGroup;
			children = (
				BA886C692C661351009F8231 /* JokeError.swift */,
				622BFC912C6A58C6001BF7C3 /* Score.swift */,
				622BFC932C6A593C001BF7C3 /* Level.swift */,
				622BFC972C6A5952001BF7C3 /* WorkoutType.swift */,
			);
			path = Enum;
			sourceTree = "<group>";
		};
/* End PBXGroup section */

/* Begin PBXNativeTarget section */
		BA7F33A42C624A3B0053C1A6 /* PawAndActive */ = {
			isa = PBXNativeTarget;
			buildConfigurationList = BA7F33B72C624A3D0053C1A6 /* Build configuration list for PBXNativeTarget "PawAndActive" */;
			buildPhases = (
				BA7F33A12C624A3B0053C1A6 /* Sources */,
				BA7F33A22C624A3B0053C1A6 /* Frameworks */,
				BA7F33A32C624A3B0053C1A6 /* Resources */,
			);
			buildRules = (
			);
			dependencies = (
			);
			name = PawAndActive;
			productName = PawAndActive;
			productReference = BA7F33A52C624A3B0053C1A6 /* PawAndActive.app */;
			productType = "com.apple.product-type.application";
		};
/* End PBXNativeTarget section */

/* Begin PBXProject section */
		BA7F339D2C624A3B0053C1A6 /* Project object */ = {
			isa = PBXProject;
			attributes = {
				BuildIndependentTargetsInParallel = 1;
				LastSwiftUpdateCheck = 1520;
				LastUpgradeCheck = 1520;
				TargetAttributes = {
					BA7F33A42C624A3B0053C1A6 = {
						CreatedOnToolsVersion = 15.2;
					};
				};
			};
			buildConfigurationList = BA7F33A02C624A3B0053C1A6 /* Build configuration list for PBXProject "PawAndActive" */;
			compatibilityVersion = "Xcode 14.0";
			developmentRegion = en;
			hasScannedForEncodings = 0;
			knownRegions = (
				en,
				Base,
			);
			mainGroup = BA7F339C2C624A3B0053C1A6;
			productRefGroup = BA7F33A62C624A3B0053C1A6 /* Products */;
			projectDirPath = "";
			projectRoot = "";
			targets = (
				BA7F33A42C624A3B0053C1A6 /* PawAndActive */,
			);
		};
/* End PBXProject section */

/* Begin PBXResourcesBuildPhase section */
		BA7F33A32C624A3B0053C1A6 /* Resources */ = {
			isa = PBXResourcesBuildPhase;
			buildActionMask = 2147483647;
			files = (
				BA7F33B22C624A3D0053C1A6 /* Preview Assets.xcassets in Resources */,
				BA7F33AF2C624A3D0053C1A6 /* Assets.xcassets in Resources */,
				BA886C5F2C660FA7009F8231 /* jokes.json in Resources */,
			);
			runOnlyForDeploymentPostprocessing = 0;
		};
/* End PBXResourcesBuildPhase section */

/* Begin PBXSourcesBuildPhase section */
		BA7F33A12C624A3B0053C1A6 /* Sources */ = {
			isa = PBXSourcesBuildPhase;
			buildActionMask = 2147483647;
			files = (
				622BFC8C2C6A57BB001BF7C3 /* WorkoutDifficulty.swift in Sources */,
				622BFC832C6A5723001BF7C3 /* CameraService.swift in Sources */,
				622BFCA72C6A5A9A001BF7C3 /* ChallengeView.swift in Sources */,
				622BFC852C6A5745001BF7C3 /* CameraManager.swift in Sources */,
				622BFCA12C6A5A21001BF7C3 /* WorkoutRepositoryManager.swift in Sources */,
				BA7F33AB2C624A3B0053C1A6 /* ContentView.swift in Sources */,
				622BFC782C6A55A5001BF7C3 /* GameManager.swift in Sources */,
				622BFCA92C6A5EF4001BF7C3 /* ScoreDetail.swift in Sources */,
				622BFC732C6A54A4001BF7C3 /* WorkoutDetailView.swift in Sources */,
				622BFC682C6A4D2F001BF7C3 /* DashboardViewModel.swift in Sources */,
				622BFCAE2C6A67AB001BF7C3 /* Joke.swift in Sources */,
				622BFC922C6A58C6001BF7C3 /* Score.swift in Sources */,
				622BFC7B2C6A5631001BF7C3 /* VisionService.swift in Sources */,
				622BFC662C6A4D1F001BF7C3 /* WorkoutViewModel.swift in Sources */,
				BA7F33AD2C624A3B0053C1A6 /* Item.swift in Sources */,
				622BFCAB2C6A618E001BF7C3 /* Workout.swift in Sources */,
				622BFCA52C6A5A5D001BF7C3 /* DashboardRepositoryService.swift in Sources */,
				622BFC9D2C6A59DD001BF7C3 /* GameRepositoryManager.swift in Sources */,
				BA886C652C6610D5009F8231 /* JokeDto.swift in Sources */,
				622BFC6F2C6A53D0001BF7C3 /* SummaryView.swift in Sources */,
				622BFC982C6A5952001BF7C3 /* WorkoutType.swift in Sources */,
				622BFC6D2C6A53A5001BF7C3 /* GameView.swift in Sources */,
				BA886C612C660FBA009F8231 /* JokesGatchaManager.swift in Sources */,
				622BFC642C6A4D07001BF7C3 /* GameViewModel.swift in Sources */,
				BA886C6A2C661351009F8231 /* JokeError.swift in Sources */,
				622BFC882C6A578D001BF7C3 /* Challenge.swift in Sources */,
				622BFCA32C6A5A30001BF7C3 /* DashboardRepositoryManager.swift in Sources */,
				622BFC802C6A565D001BF7C3 /* VisionHelper.swift in Sources */,
				BA886C5D2C660313009F8231 /* JokesGatchaService.swift in Sources */,
				622BFC9B2C6A59B4001BF7C3 /* GameRepositoryService.swift in Sources */,
				622BFC762C6A559B001BF7C3 /* GameService.swift in Sources */,
				622BFC942C6A593C001BF7C3 /* Level.swift in Sources */,
				622BFC8A2C6A57A4001BF7C3 /* Session.swift in Sources */,
				622BFC7D2C6A563F001BF7C3 /* VisionManager.swift in Sources */,
				622BFC712C6A543E001BF7C3 /* DashboardView.swift in Sources */,
				622BFC9F2C6A59FF001BF7C3 /* WorkoutRepositoryService.swift in Sources */,
				BA7F33A92C624A3B0053C1A6 /* PawAndActiveApp.swift in Sources */,
			);
			runOnlyForDeploymentPostprocessing = 0;
		};
/* End PBXSourcesBuildPhase section */

/* Begin XCBuildConfiguration section */
		BA7F33B52C624A3D0053C1A6 /* Debug */ = {
			isa = XCBuildConfiguration;
			buildSettings = {
				ALWAYS_SEARCH_USER_PATHS = NO;
				ASSETCATALOG_COMPILER_GENERATE_SWIFT_ASSET_SYMBOL_EXTENSIONS = YES;
				CLANG_ANALYZER_NONNULL = YES;
				CLANG_ANALYZER_NUMBER_OBJECT_CONVERSION = YES_AGGRESSIVE;
				CLANG_CXX_LANGUAGE_STANDARD = "gnu++20";
				CLANG_ENABLE_MODULES = YES;
				CLANG_ENABLE_OBJC_ARC = YES;
				CLANG_ENABLE_OBJC_WEAK = YES;
				CLANG_WARN_BLOCK_CAPTURE_AUTORELEASING = YES;
				CLANG_WARN_BOOL_CONVERSION = YES;
				CLANG_WARN_COMMA = YES;
				CLANG_WARN_CONSTANT_CONVERSION = YES;
				CLANG_WARN_DEPRECATED_OBJC_IMPLEMENTATIONS = YES;
				CLANG_WARN_DIRECT_OBJC_ISA_USAGE = YES_ERROR;
				CLANG_WARN_DOCUMENTATION_COMMENTS = YES;
				CLANG_WARN_EMPTY_BODY = YES;
				CLANG_WARN_ENUM_CONVERSION = YES;
				CLANG_WARN_INFINITE_RECURSION = YES;
				CLANG_WARN_INT_CONVERSION = YES;
				CLANG_WARN_NON_LITERAL_NULL_CONVERSION = YES;
				CLANG_WARN_OBJC_IMPLICIT_RETAIN_SELF = YES;
				CLANG_WARN_OBJC_LITERAL_CONVERSION = YES;
				CLANG_WARN_OBJC_ROOT_CLASS = YES_ERROR;
				CLANG_WARN_QUOTED_INCLUDE_IN_FRAMEWORK_HEADER = YES;
				CLANG_WARN_RANGE_LOOP_ANALYSIS = YES;
				CLANG_WARN_STRICT_PROTOTYPES = YES;
				CLANG_WARN_SUSPICIOUS_MOVE = YES;
				CLANG_WARN_UNGUARDED_AVAILABILITY = YES_AGGRESSIVE;
				CLANG_WARN_UNREACHABLE_CODE = YES;
				CLANG_WARN__DUPLICATE_METHOD_MATCH = YES;
				COPY_PHASE_STRIP = NO;
				DEBUG_INFORMATION_FORMAT = dwarf;
				ENABLE_STRICT_OBJC_MSGSEND = YES;
				ENABLE_TESTABILITY = YES;
				ENABLE_USER_SCRIPT_SANDBOXING = YES;
				GCC_C_LANGUAGE_STANDARD = gnu17;
				GCC_DYNAMIC_NO_PIC = NO;
				GCC_NO_COMMON_BLOCKS = YES;
				GCC_OPTIMIZATION_LEVEL = 0;
				GCC_PREPROCESSOR_DEFINITIONS = (
					"DEBUG=1",
					"$(inherited)",
				);
				GCC_WARN_64_TO_32_BIT_CONVERSION = YES;
				GCC_WARN_ABOUT_RETURN_TYPE = YES_ERROR;
				GCC_WARN_UNDECLARED_SELECTOR = YES;
				GCC_WARN_UNINITIALIZED_AUTOS = YES_AGGRESSIVE;
				GCC_WARN_UNUSED_FUNCTION = YES;
				GCC_WARN_UNUSED_VARIABLE = YES;
				IPHONEOS_DEPLOYMENT_TARGET = 17.2;
				LOCALIZATION_PREFERS_STRING_CATALOGS = YES;
				MTL_ENABLE_DEBUG_INFO = INCLUDE_SOURCE;
				MTL_FAST_MATH = YES;
				ONLY_ACTIVE_ARCH = YES;
				SDKROOT = iphoneos;
				SWIFT_ACTIVE_COMPILATION_CONDITIONS = "DEBUG $(inherited)";
				SWIFT_OPTIMIZATION_LEVEL = "-Onone";
			};
			name = Debug;
		};
		BA7F33B62C624A3D0053C1A6 /* Release */ = {
			isa = XCBuildConfiguration;
			buildSettings = {
				ALWAYS_SEARCH_USER_PATHS = NO;
				ASSETCATALOG_COMPILER_GENERATE_SWIFT_ASSET_SYMBOL_EXTENSIONS = YES;
				CLANG_ANALYZER_NONNULL = YES;
				CLANG_ANALYZER_NUMBER_OBJECT_CONVERSION = YES_AGGRESSIVE;
				CLANG_CXX_LANGUAGE_STANDARD = "gnu++20";
				CLANG_ENABLE_MODULES = YES;
				CLANG_ENABLE_OBJC_ARC = YES;
				CLANG_ENABLE_OBJC_WEAK = YES;
				CLANG_WARN_BLOCK_CAPTURE_AUTORELEASING = YES;
				CLANG_WARN_BOOL_CONVERSION = YES;
				CLANG_WARN_COMMA = YES;
				CLANG_WARN_CONSTANT_CONVERSION = YES;
				CLANG_WARN_DEPRECATED_OBJC_IMPLEMENTATIONS = YES;
				CLANG_WARN_DIRECT_OBJC_ISA_USAGE = YES_ERROR;
				CLANG_WARN_DOCUMENTATION_COMMENTS = YES;
				CLANG_WARN_EMPTY_BODY = YES;
				CLANG_WARN_ENUM_CONVERSION = YES;
				CLANG_WARN_INFINITE_RECURSION = YES;
				CLANG_WARN_INT_CONVERSION = YES;
				CLANG_WARN_NON_LITERAL_NULL_CONVERSION = YES;
				CLANG_WARN_OBJC_IMPLICIT_RETAIN_SELF = YES;
				CLANG_WARN_OBJC_LITERAL_CONVERSION = YES;
				CLANG_WARN_OBJC_ROOT_CLASS = YES_ERROR;
				CLANG_WARN_QUOTED_INCLUDE_IN_FRAMEWORK_HEADER = YES;
				CLANG_WARN_RANGE_LOOP_ANALYSIS = YES;
				CLANG_WARN_STRICT_PROTOTYPES = YES;
				CLANG_WARN_SUSPICIOUS_MOVE = YES;
				CLANG_WARN_UNGUARDED_AVAILABILITY = YES_AGGRESSIVE;
				CLANG_WARN_UNREACHABLE_CODE = YES;
				CLANG_WARN__DUPLICATE_METHOD_MATCH = YES;
				COPY_PHASE_STRIP = NO;
				DEBUG_INFORMATION_FORMAT = "dwarf-with-dsym";
				ENABLE_NS_ASSERTIONS = NO;
				ENABLE_STRICT_OBJC_MSGSEND = YES;
				ENABLE_USER_SCRIPT_SANDBOXING = YES;
				GCC_C_LANGUAGE_STANDARD = gnu17;
				GCC_NO_COMMON_BLOCKS = YES;
				GCC_WARN_64_TO_32_BIT_CONVERSION = YES;
				GCC_WARN_ABOUT_RETURN_TYPE = YES_ERROR;
				GCC_WARN_UNDECLARED_SELECTOR = YES;
				GCC_WARN_UNINITIALIZED_AUTOS = YES_AGGRESSIVE;
				GCC_WARN_UNUSED_FUNCTION = YES;
				GCC_WARN_UNUSED_VARIABLE = YES;
				IPHONEOS_DEPLOYMENT_TARGET = 17.2;
				LOCALIZATION_PREFERS_STRING_CATALOGS = YES;
				MTL_ENABLE_DEBUG_INFO = NO;
				MTL_FAST_MATH = YES;
				SDKROOT = iphoneos;
				SWIFT_COMPILATION_MODE = wholemodule;
				VALIDATE_PRODUCT = YES;
			};
			name = Release;
		};
		BA7F33B82C624A3D0053C1A6 /* Debug */ = {
			isa = XCBuildConfiguration;
			buildSettings = {
				ASSETCATALOG_COMPILER_APPICON_NAME = AppIcon;
				ASSETCATALOG_COMPILER_GLOBAL_ACCENT_COLOR_NAME = AccentColor;
				CODE_SIGN_ENTITLEMENTS = PawAndActive/PawAndActive.entitlements;
				CODE_SIGN_STYLE = Automatic;
				CURRENT_PROJECT_VERSION = 1;
				DEVELOPMENT_ASSET_PATHS = "\"PawAndActive/Preview Content\"";
				DEVELOPMENT_TEAM = 58TG5WTTSX;
				ENABLE_PREVIEWS = YES;
				GENERATE_INFOPLIST_FILE = YES;
				INFOPLIST_FILE = PawAndActive/Info.plist;
				INFOPLIST_KEY_UIApplicationSceneManifest_Generation = YES;
				INFOPLIST_KEY_UIApplicationSupportsIndirectInputEvents = YES;
				INFOPLIST_KEY_UILaunchScreen_Generation = YES;
				INFOPLIST_KEY_UISupportedInterfaceOrientations_iPad = "UIInterfaceOrientationPortrait UIInterfaceOrientationPortraitUpsideDown UIInterfaceOrientationLandscapeLeft UIInterfaceOrientationLandscapeRight";
				INFOPLIST_KEY_UISupportedInterfaceOrientations_iPhone = "UIInterfaceOrientationPortrait UIInterfaceOrientationLandscapeLeft UIInterfaceOrientationLandscapeRight";
				LD_RUNPATH_SEARCH_PATHS = (
					"$(inherited)",
					"@executable_path/Frameworks",
				);
				MARKETING_VERSION = 1.0;
				PRODUCT_BUNDLE_IDENTIFIER = in.anandakelv.PawAndActive;
				PRODUCT_NAME = "$(TARGET_NAME)";
				SWIFT_EMIT_LOC_STRINGS = YES;
				SWIFT_VERSION = 5.0;
				TARGETED_DEVICE_FAMILY = "1,2";
			};
			name = Debug;
		};
		BA7F33B92C624A3D0053C1A6 /* Release */ = {
			isa = XCBuildConfiguration;
			buildSettings = {
				ASSETCATALOG_COMPILER_APPICON_NAME = AppIcon;
				ASSETCATALOG_COMPILER_GLOBAL_ACCENT_COLOR_NAME = AccentColor;
				CODE_SIGN_ENTITLEMENTS = PawAndActive/PawAndActive.entitlements;
				CODE_SIGN_STYLE = Automatic;
				CURRENT_PROJECT_VERSION = 1;
				DEVELOPMENT_ASSET_PATHS = "\"PawAndActive/Preview Content\"";
				DEVELOPMENT_TEAM = 58TG5WTTSX;
				ENABLE_PREVIEWS = YES;
				GENERATE_INFOPLIST_FILE = YES;
				INFOPLIST_FILE = PawAndActive/Info.plist;
				INFOPLIST_KEY_UIApplicationSceneManifest_Generation = YES;
				INFOPLIST_KEY_UIApplicationSupportsIndirectInputEvents = YES;
				INFOPLIST_KEY_UILaunchScreen_Generation = YES;
				INFOPLIST_KEY_UISupportedInterfaceOrientations_iPad = "UIInterfaceOrientationPortrait UIInterfaceOrientationPortraitUpsideDown UIInterfaceOrientationLandscapeLeft UIInterfaceOrientationLandscapeRight";
				INFOPLIST_KEY_UISupportedInterfaceOrientations_iPhone = "UIInterfaceOrientationPortrait UIInterfaceOrientationLandscapeLeft UIInterfaceOrientationLandscapeRight";
				LD_RUNPATH_SEARCH_PATHS = (
					"$(inherited)",
					"@executable_path/Frameworks",
				);
				MARKETING_VERSION = 1.0;
				PRODUCT_BUNDLE_IDENTIFIER = in.anandakelv.PawAndActive;
				PRODUCT_NAME = "$(TARGET_NAME)";
				SWIFT_EMIT_LOC_STRINGS = YES;
				SWIFT_VERSION = 5.0;
				TARGETED_DEVICE_FAMILY = "1,2";
			};
			name = Release;
		};
/* End XCBuildConfiguration section */

/* Begin XCConfigurationList section */
		BA7F33A02C624A3B0053C1A6 /* Build configuration list for PBXProject "PawAndActive" */ = {
			isa = XCConfigurationList;
			buildConfigurations = (
				BA7F33B52C624A3D0053C1A6 /* Debug */,
				BA7F33B62C624A3D0053C1A6 /* Release */,
			);
			defaultConfigurationIsVisible = 0;
			defaultConfigurationName = Release;
		};
		BA7F33B72C624A3D0053C1A6 /* Build configuration list for PBXNativeTarget "PawAndActive" */ = {
			isa = XCConfigurationList;
			buildConfigurations = (
				BA7F33B82C624A3D0053C1A6 /* Debug */,
				BA7F33B92C624A3D0053C1A6 /* Release */,
			);
			defaultConfigurationIsVisible = 0;
			defaultConfigurationName = Release;
		};
/* End XCConfigurationList section */
	};
	rootObject = BA7F339D2C624A3B0053C1A6 /* Project object */;
}
