// !$*UTF8*$!
{
	archiveVersion = 1;
	classes = {
	};
	objectVersion = 56;
	objects = {

/* Begin PBXBuildFile section */
		BA7F33A92C624A3B0053C1A6 /* PawAndActiveApp.swift in Sources */ = {isa = PBXBuildFile; fileRef = BA7F33A82C624A3B0053C1A6 /* PawAndActiveApp.swift */; };
		BA7F33AB2C624A3B0053C1A6 /* ContentView.swift in Sources */ = {isa = PBXBuildFile; fileRef = BA7F33AA2C624A3B0053C1A6 /* ContentView.swift */; };
		BA7F33AD2C624A3B0053C1A6 /* Item.swift in Sources */ = {isa = PBXBuildFile; fileRef = BA7F33AC2C624A3B0053C1A6 /* Item.swift */; };
		BA7F33AF2C624A3D0053C1A6 /* Assets.xcassets in Resources */ = {isa = PBXBuildFile; fileRef = BA7F33AE2C624A3D0053C1A6 /* Assets.xcassets */; };
		BA7F33B22C624A3D0053C1A6 /* Preview Assets.xcassets in Resources */ = {isa = PBXBuildFile; fileRef = BA7F33B12C624A3D0053C1A6 /* Preview Assets.xcassets */; };
		BA886C5D2C660313009F8231 /* JokesGatchaService.swift in Sources */ = {isa = PBXBuildFile; fileRef = BA886C5C2C660313009F8231 /* JokesGatchaService.swift */; };
		BA886C5F2C660FA7009F8231 /* jokes.json in Resources */ = {isa = PBXBuildFile; fileRef = BA886C5E2C660FA7009F8231 /* jokes.json */; };
		BA886C612C660FBA009F8231 /* JokesGatchaManager.swift in Sources */ = {isa = PBXBuildFile; fileRef = BA886C602C660FBA009F8231 /* JokesGatchaManager.swift */; };
		BA886C652C6610D5009F8231 /* JokeModel.swift in Sources */ = {isa = PBXBuildFile; fileRef = BA886C642C6610D5009F8231 /* JokeModel.swift */; };
		BA886C6A2C661351009F8231 /* JokeError.swift in Sources */ = {isa = PBXBuildFile; fileRef = BA886C692C661351009F8231 /* JokeError.swift */; };
/* End PBXBuildFile section */

/* Begin PBXFileReference section */
		BA7F33A52C624A3B0053C1A6 /* PawAndActive.app */ = {isa = PBXFileReference; explicitFileType = wrapper.application; includeInIndex = 0; path = PawAndActive.app; sourceTree = BUILT_PRODUCTS_DIR; };
		BA7F33A82C624A3B0053C1A6 /* PawAndActiveApp.swift */ = {isa = PBXFileReference; lastKnownFileType = sourcecode.swift; path = PawAndActiveApp.swift; sourceTree = "<group>"; };
		BA7F33AA2C624A3B0053C1A6 /* ContentView.swift */ = {isa = PBXFileReference; lastKnownFileType = sourcecode.swift; path = ContentView.swift; sourceTree = "<group>"; };
		BA7F33AC2C624A3B0053C1A6 /* Item.swift */ = {isa = PBXFileReference; lastKnownFileType = sourcecode.swift; path = Item.swift; sourceTree = "<group>"; };
		BA7F33AE2C624A3D0053C1A6 /* Assets.xcassets */ = {isa = PBXFileReference; lastKnownFileType = folder.assetcatalog; path = Assets.xcassets; sourceTree = "<group>"; };
		BA7F33B12C624A3D0053C1A6 /* Preview Assets.xcassets */ = {isa = PBXFileReference; lastKnownFileType = folder.assetcatalog; path = "Preview Assets.xcassets"; sourceTree = "<group>"; };
		BA7F33B32C624A3D0053C1A6 /* PawAndActive.entitlements */ = {isa = PBXFileReference; lastKnownFileType = text.plist.entitlements; path = PawAndActive.entitlements; sourceTree = "<group>"; };
		BA7F33B42C624A3D0053C1A6 /* Info.plist */ = {isa = PBXFileReference; lastKnownFileType = text.plist.xml; path = Info.plist; sourceTree = "<group>"; };
		BA886C5C2C660313009F8231 /* JokesGatchaService.swift */ = {isa = PBXFileReference; lastKnownFileType = sourcecode.swift; path = JokesGatchaService.swift; sourceTree = "<group>"; };
		BA886C5E2C660FA7009F8231 /* jokes.json */ = {isa = PBXFileReference; fileEncoding = 4; lastKnownFileType = text.json; path = jokes.json; sourceTree = "<group>"; };
		BA886C602C660FBA009F8231 /* JokesGatchaManager.swift */ = {isa = PBXFileReference; lastKnownFileType = sourcecode.swift; path = JokesGatchaManager.swift; sourceTree = "<group>"; };
		BA886C642C6610D5009F8231 /* JokeModel.swift */ = {isa = PBXFileReference; lastKnownFileType = sourcecode.swift; path = JokeModel.swift; sourceTree = "<group>"; };
		BA886C692C661351009F8231 /* JokeError.swift */ = {isa = PBXFileReference; lastKnownFileType = sourcecode.swift; path = JokeError.swift; sourceTree = "<group>"; };
/* End PBXFileReference section */

/* Begin PBXFrameworksBuildPhase section */
		BA7F33A22C624A3B0053C1A6 /* Frameworks */ = {
			isa = PBXFrameworksBuildPhase;
			buildActionMask = 2147483647;
			files = (
			);
			runOnlyForDeploymentPostprocessing = 0;
		};
/* End PBXFrameworksBuildPhase section */

/* Begin PBXGroup section */
		BA7F339C2C624A3B0053C1A6 = {
			isa = PBXGroup;
			children = (
				BA7F33A72C624A3B0053C1A6 /* PawAndActive */,
				BA7F33A62C624A3B0053C1A6 /* Products */,
			);
			sourceTree = "<group>";
		};
		BA7F33A62C624A3B0053C1A6 /* Products */ = {
			isa = PBXGroup;
			children = (
				BA7F33A52C624A3B0053C1A6 /* PawAndActive.app */,
			);
			name = Products;
			sourceTree = "<group>";
		};
		BA7F33A72C624A3B0053C1A6 /* PawAndActive */ = {
			isa = PBXGroup;
			children = (
				BA886C622C661013009F8231 /* Data */,
				BA886C5A2C66029D009F8231 /* Manager */,
				BA7F33A82C624A3B0053C1A6 /* PawAndActiveApp.swift */,
				BA7F33AA2C624A3B0053C1A6 /* ContentView.swift */,
				BA7F33AC2C624A3B0053C1A6 /* Item.swift */,
				BA7F33AE2C624A3D0053C1A6 /* Assets.xcassets */,
				BA7F33B32C624A3D0053C1A6 /* PawAndActive.entitlements */,
				BA7F33B42C624A3D0053C1A6 /* Info.plist */,
				BA7F33B02C624A3D0053C1A6 /* Preview Content */,
			);
			path = PawAndActive;
			sourceTree = "<group>";
		};
		BA7F33B02C624A3D0053C1A6 /* Preview Content */ = {
			isa = PBXGroup;
			children = (
				BA7F33B12C624A3D0053C1A6 /* Preview Assets.xcassets */,
			);
			path = "Preview Content";
			sourceTree = "<group>";
		};
		BA886C5A2C66029D009F8231 /* Manager */ = {
			isa = PBXGroup;
			children = (
				BA886C5B2C6602F1009F8231 /* JokesGatcha */,
			);
			path = Manager;
			sourceTree = "<group>";
		};
		BA886C5B2C6602F1009F8231 /* JokesGatcha */ = {
			isa = PBXGroup;
			children = (
				BA886C5E2C660FA7009F8231 /* jokes.json */,
				BA886C5C2C660313009F8231 /* JokesGatchaService.swift */,
				BA886C602C660FBA009F8231 /* JokesGatchaManager.swift */,
			);
			path = JokesGatcha;
			sourceTree = "<group>";
		};
		BA886C622C661013009F8231 /* Data */ = {
			isa = PBXGroup;
			children = (
				BA886C682C661342009F8231 /* Error */,
				BA886C632C66107B009F8231 /* Model */,
			);
			path = Data;
			sourceTree = "<group>";
		};
		BA886C632C66107B009F8231 /* Model */ = {
			isa = PBXGroup;
			children = (
				BA886C642C6610D5009F8231 /* JokeModel.swift */,
			);
			path = Model;
			sourceTree = "<group>";
		};
		BA886C682C661342009F8231 /* Error */ = {
			isa = PBXGroup;
			children = (
				BA886C692C661351009F8231 /* JokeError.swift */,
			);
			path = Error;
			sourceTree = "<group>";
		};
/* End PBXGroup section */

/* Begin PBXNativeTarget section */
		BA7F33A42C624A3B0053C1A6 /* PawAndActive */ = {
			isa = PBXNativeTarget;
			buildConfigurationList = BA7F33B72C624A3D0053C1A6 /* Build configuration list for PBXNativeTarget "PawAndActive" */;
			buildPhases = (
				BA7F33A12C624A3B0053C1A6 /* Sources */,
				BA7F33A22C624A3B0053C1A6 /* Frameworks */,
				BA7F33A32C624A3B0053C1A6 /* Resources */,
			);
			buildRules = (
			);
			dependencies = (
			);
			name = PawAndActive;
			productName = PawAndActive;
			productReference = BA7F33A52C624A3B0053C1A6 /* PawAndActive.app */;
			productType = "com.apple.product-type.application";
		};
/* End PBXNativeTarget section */

/* Begin PBXProject section */
		BA7F339D2C624A3B0053C1A6 /* Project object */ = {
			isa = PBXProject;
			attributes = {
				BuildIndependentTargetsInParallel = 1;
				LastSwiftUpdateCheck = 1520;
				LastUpgradeCheck = 1520;
				TargetAttributes = {
					BA7F33A42C624A3B0053C1A6 = {
						CreatedOnToolsVersion = 15.2;
					};
				};
			};
			buildConfigurationList = BA7F33A02C624A3B0053C1A6 /* Build configuration list for PBXProject "PawAndActive" */;
			compatibilityVersion = "Xcode 14.0";
			developmentRegion = en;
			hasScannedForEncodings = 0;
			knownRegions = (
				en,
				Base,
			);
			mainGroup = BA7F339C2C624A3B0053C1A6;
			productRefGroup = BA7F33A62C624A3B0053C1A6 /* Products */;
			projectDirPath = "";
			projectRoot = "";
			targets = (
				BA7F33A42C624A3B0053C1A6 /* PawAndActive */,
			);
		};
/* End PBXProject section */

/* Begin PBXResourcesBuildPhase section */
		BA7F33A32C624A3B0053C1A6 /* Resources */ = {
			isa = PBXResourcesBuildPhase;
			buildActionMask = 2147483647;
			files = (
				BA7F33B22C624A3D0053C1A6 /* Preview Assets.xcassets in Resources */,
				BA7F33AF2C624A3D0053C1A6 /* Assets.xcassets in Resources */,
				BA886C5F2C660FA7009F8231 /* jokes.json in Resources */,
			);
			runOnlyForDeploymentPostprocessing = 0;
		};
/* End PBXResourcesBuildPhase section */

/* Begin PBXSourcesBuildPhase section */
		BA7F33A12C624A3B0053C1A6 /* Sources */ = {
			isa = PBXSourcesBuildPhase;
			buildActionMask = 2147483647;
			files = (
				BA7F33AB2C624A3B0053C1A6 /* ContentView.swift in Sources */,
				BA7F33AD2C624A3B0053C1A6 /* Item.swift in Sources */,
				BA886C652C6610D5009F8231 /* JokeModel.swift in Sources */,
				BA886C612C660FBA009F8231 /* JokesGatchaManager.swift in Sources */,
				BA886C6A2C661351009F8231 /* JokeError.swift in Sources */,
				BA886C5D2C660313009F8231 /* JokesGatchaService.swift in Sources */,
				BA7F33A92C624A3B0053C1A6 /* PawAndActiveApp.swift in Sources */,
			);
			runOnlyForDeploymentPostprocessing = 0;
		};
/* End PBXSourcesBuildPhase section */

/* Begin XCBuildConfiguration section */
		BA7F33B52C624A3D0053C1A6 /* Debug */ = {
			isa = XCBuildConfiguration;
			buildSettings = {
				ALWAYS_SEARCH_USER_PATHS = NO;
				ASSETCATALOG_COMPILER_GENERATE_SWIFT_ASSET_SYMBOL_EXTENSIONS = YES;
				CLANG_ANALYZER_NONNULL = YES;
				CLANG_ANALYZER_NUMBER_OBJECT_CONVERSION = YES_AGGRESSIVE;
				CLANG_CXX_LANGUAGE_STANDARD = "gnu++20";
				CLANG_ENABLE_MODULES = YES;
				CLANG_ENABLE_OBJC_ARC = YES;
				CLANG_ENABLE_OBJC_WEAK = YES;
				CLANG_WARN_BLOCK_CAPTURE_AUTORELEASING = YES;
				CLANG_WARN_BOOL_CONVERSION = YES;
				CLANG_WARN_COMMA = YES;
				CLANG_WARN_CONSTANT_CONVERSION = YES;
				CLANG_WARN_DEPRECATED_OBJC_IMPLEMENTATIONS = YES;
				CLANG_WARN_DIRECT_OBJC_ISA_USAGE = YES_ERROR;
				CLANG_WARN_DOCUMENTATION_COMMENTS = YES;
				CLANG_WARN_EMPTY_BODY = YES;
				CLANG_WARN_ENUM_CONVERSION = YES;
				CLANG_WARN_INFINITE_RECURSION = YES;
				CLANG_WARN_INT_CONVERSION = YES;
				CLANG_WARN_NON_LITERAL_NULL_CONVERSION = YES;
				CLANG_WARN_OBJC_IMPLICIT_RETAIN_SELF = YES;
				CLANG_WARN_OBJC_LITERAL_CONVERSION = YES;
				CLANG_WARN_OBJC_ROOT_CLASS = YES_ERROR;
				CLANG_WARN_QUOTED_INCLUDE_IN_FRAMEWORK_HEADER = YES;
				CLANG_WARN_RANGE_LOOP_ANALYSIS = YES;
				CLANG_WARN_STRICT_PROTOTYPES = YES;
				CLANG_WARN_SUSPICIOUS_MOVE = YES;
				CLANG_WARN_UNGUARDED_AVAILABILITY = YES_AGGRESSIVE;
				CLANG_WARN_UNREACHABLE_CODE = YES;
				CLANG_WARN__DUPLICATE_METHOD_MATCH = YES;
				COPY_PHASE_STRIP = NO;
				DEBUG_INFORMATION_FORMAT = dwarf;
				ENABLE_STRICT_OBJC_MSGSEND = YES;
				ENABLE_TESTABILITY = YES;
				ENABLE_USER_SCRIPT_SANDBOXING = YES;
				GCC_C_LANGUAGE_STANDARD = gnu17;
				GCC_DYNAMIC_NO_PIC = NO;
				GCC_NO_COMMON_BLOCKS = YES;
				GCC_OPTIMIZATION_LEVEL = 0;
				GCC_PREPROCESSOR_DEFINITIONS = (
					"DEBUG=1",
					"$(inherited)",
				);
				GCC_WARN_64_TO_32_BIT_CONVERSION = YES;
				GCC_WARN_ABOUT_RETURN_TYPE = YES_ERROR;
				GCC_WARN_UNDECLARED_SELECTOR = YES;
				GCC_WARN_UNINITIALIZED_AUTOS = YES_AGGRESSIVE;
				GCC_WARN_UNUSED_FUNCTION = YES;
				GCC_WARN_UNUSED_VARIABLE = YES;
				IPHONEOS_DEPLOYMENT_TARGET = 17.2;
				LOCALIZATION_PREFERS_STRING_CATALOGS = YES;
				MTL_ENABLE_DEBUG_INFO = INCLUDE_SOURCE;
				MTL_FAST_MATH = YES;
				ONLY_ACTIVE_ARCH = YES;
				SDKROOT = iphoneos;
				SWIFT_ACTIVE_COMPILATION_CONDITIONS = "DEBUG $(inherited)";
				SWIFT_OPTIMIZATION_LEVEL = "-Onone";
			};
			name = Debug;
		};
		BA7F33B62C624A3D0053C1A6 /* Release */ = {
			isa = XCBuildConfiguration;
			buildSettings = {
				ALWAYS_SEARCH_USER_PATHS = NO;
				ASSETCATALOG_COMPILER_GENERATE_SWIFT_ASSET_SYMBOL_EXTENSIONS = YES;
				CLANG_ANALYZER_NONNULL = YES;
				CLANG_ANALYZER_NUMBER_OBJECT_CONVERSION = YES_AGGRESSIVE;
				CLANG_CXX_LANGUAGE_STANDARD = "gnu++20";
				CLANG_ENABLE_MODULES = YES;
				CLANG_ENABLE_OBJC_ARC = YES;
				CLANG_ENABLE_OBJC_WEAK = YES;
				CLANG_WARN_BLOCK_CAPTURE_AUTORELEASING = YES;
				CLANG_WARN_BOOL_CONVERSION = YES;
				CLANG_WARN_COMMA = YES;
				CLANG_WARN_CONSTANT_CONVERSION = YES;
				CLANG_WARN_DEPRECATED_OBJC_IMPLEMENTATIONS = YES;
				CLANG_WARN_DIRECT_OBJC_ISA_USAGE = YES_ERROR;
				CLANG_WARN_DOCUMENTATION_COMMENTS = YES;
				CLANG_WARN_EMPTY_BODY = YES;
				CLANG_WARN_ENUM_CONVERSION = YES;
				CLANG_WARN_INFINITE_RECURSION = YES;
				CLANG_WARN_INT_CONVERSION = YES;
				CLANG_WARN_NON_LITERAL_NULL_CONVERSION = YES;
				CLANG_WARN_OBJC_IMPLICIT_RETAIN_SELF = YES;
				CLANG_WARN_OBJC_LITERAL_CONVERSION = YES;
				CLANG_WARN_OBJC_ROOT_CLASS = YES_ERROR;
				CLANG_WARN_QUOTED_INCLUDE_IN_FRAMEWORK_HEADER = YES;
				CLANG_WARN_RANGE_LOOP_ANALYSIS = YES;
				CLANG_WARN_STRICT_PROTOTYPES = YES;
				CLANG_WARN_SUSPICIOUS_MOVE = YES;
				CLANG_WARN_UNGUARDED_AVAILABILITY = YES_AGGRESSIVE;
				CLANG_WARN_UNREACHABLE_CODE = YES;
				CLANG_WARN__DUPLICATE_METHOD_MATCH = YES;
				COPY_PHASE_STRIP = NO;
				DEBUG_INFORMATION_FORMAT = "dwarf-with-dsym";
				ENABLE_NS_ASSERTIONS = NO;
				ENABLE_STRICT_OBJC_MSGSEND = YES;
				ENABLE_USER_SCRIPT_SANDBOXING = YES;
				GCC_C_LANGUAGE_STANDARD = gnu17;
				GCC_NO_COMMON_BLOCKS = YES;
				GCC_WARN_64_TO_32_BIT_CONVERSION = YES;
				GCC_WARN_ABOUT_RETURN_TYPE = YES_ERROR;
				GCC_WARN_UNDECLARED_SELECTOR = YES;
				GCC_WARN_UNINITIALIZED_AUTOS = YES_AGGRESSIVE;
				GCC_WARN_UNUSED_FUNCTION = YES;
				GCC_WARN_UNUSED_VARIABLE = YES;
				IPHONEOS_DEPLOYMENT_TARGET = 17.2;
				LOCALIZATION_PREFERS_STRING_CATALOGS = YES;
				MTL_ENABLE_DEBUG_INFO = NO;
				MTL_FAST_MATH = YES;
				SDKROOT = iphoneos;
				SWIFT_COMPILATION_MODE = wholemodule;
				VALIDATE_PRODUCT = YES;
			};
			name = Release;
		};
		BA7F33B82C624A3D0053C1A6 /* Debug */ = {
			isa = XCBuildConfiguration;
			buildSettings = {
				ASSETCATALOG_COMPILER_APPICON_NAME = AppIcon;
				ASSETCATALOG_COMPILER_GLOBAL_ACCENT_COLOR_NAME = AccentColor;
				CODE_SIGN_ENTITLEMENTS = PawAndActive/PawAndActive.entitlements;
				CODE_SIGN_STYLE = Automatic;
				CURRENT_PROJECT_VERSION = 1;
				DEVELOPMENT_ASSET_PATHS = "\"PawAndActive/Preview Content\"";
				DEVELOPMENT_TEAM = 58TG5WTTSX;
				ENABLE_PREVIEWS = YES;
				GENERATE_INFOPLIST_FILE = YES;
				INFOPLIST_FILE = PawAndActive/Info.plist;
				INFOPLIST_KEY_UIApplicationSceneManifest_Generation = YES;
				INFOPLIST_KEY_UIApplicationSupportsIndirectInputEvents = YES;
				INFOPLIST_KEY_UILaunchScreen_Generation = YES;
				INFOPLIST_KEY_UISupportedInterfaceOrientations_iPad = "UIInterfaceOrientationPortrait UIInterfaceOrientationPortraitUpsideDown UIInterfaceOrientationLandscapeLeft UIInterfaceOrientationLandscapeRight";
				INFOPLIST_KEY_UISupportedInterfaceOrientations_iPhone = "UIInterfaceOrientationPortrait UIInterfaceOrientationLandscapeLeft UIInterfaceOrientationLandscapeRight";
				LD_RUNPATH_SEARCH_PATHS = (
					"$(inherited)",
					"@executable_path/Frameworks",
				);
				MARKETING_VERSION = 1.0;
				PRODUCT_BUNDLE_IDENTIFIER = in.anandakelv.PawAndActive;
				PRODUCT_NAME = "$(TARGET_NAME)";
				SWIFT_EMIT_LOC_STRINGS = YES;
				SWIFT_VERSION = 5.0;
				TARGETED_DEVICE_FAMILY = "1,2";
			};
			name = Debug;
		};
		BA7F33B92C624A3D0053C1A6 /* Release */ = {
			isa = XCBuildConfiguration;
			buildSettings = {
				ASSETCATALOG_COMPILER_APPICON_NAME = AppIcon;
				ASSETCATALOG_COMPILER_GLOBAL_ACCENT_COLOR_NAME = AccentColor;
				CODE_SIGN_ENTITLEMENTS = PawAndActive/PawAndActive.entitlements;
				CODE_SIGN_STYLE = Automatic;
				CURRENT_PROJECT_VERSION = 1;
				DEVELOPMENT_ASSET_PATHS = "\"PawAndActive/Preview Content\"";
				DEVELOPMENT_TEAM = 58TG5WTTSX;
				ENABLE_PREVIEWS = YES;
				GENERATE_INFOPLIST_FILE = YES;
				INFOPLIST_FILE = PawAndActive/Info.plist;
				INFOPLIST_KEY_UIApplicationSceneManifest_Generation = YES;
				INFOPLIST_KEY_UIApplicationSupportsIndirectInputEvents = YES;
				INFOPLIST_KEY_UILaunchScreen_Generation = YES;
				INFOPLIST_KEY_UISupportedInterfaceOrientations_iPad = "UIInterfaceOrientationPortrait UIInterfaceOrientationPortraitUpsideDown UIInterfaceOrientationLandscapeLeft UIInterfaceOrientationLandscapeRight";
				INFOPLIST_KEY_UISupportedInterfaceOrientations_iPhone = "UIInterfaceOrientationPortrait UIInterfaceOrientationLandscapeLeft UIInterfaceOrientationLandscapeRight";
				LD_RUNPATH_SEARCH_PATHS = (
					"$(inherited)",
					"@executable_path/Frameworks",
				);
				MARKETING_VERSION = 1.0;
				PRODUCT_BUNDLE_IDENTIFIER = in.anandakelv.PawAndActive;
				PRODUCT_NAME = "$(TARGET_NAME)";
				SWIFT_EMIT_LOC_STRINGS = YES;
				SWIFT_VERSION = 5.0;
				TARGETED_DEVICE_FAMILY = "1,2";
			};
			name = Release;
		};
/* End XCBuildConfiguration section */

/* Begin XCConfigurationList section */
		BA7F33A02C624A3B0053C1A6 /* Build configuration list for PBXProject "PawAndActive" */ = {
			isa = XCConfigurationList;
			buildConfigurations = (
				BA7F33B52C624A3D0053C1A6 /* Debug */,
				BA7F33B62C624A3D0053C1A6 /* Release */,
			);
			defaultConfigurationIsVisible = 0;
			defaultConfigurationName = Release;
		};
		BA7F33B72C624A3D0053C1A6 /* Build configuration list for PBXNativeTarget "PawAndActive" */ = {
			isa = XCConfigurationList;
			buildConfigurations = (
				BA7F33B82C624A3D0053C1A6 /* Debug */,
				BA7F33B92C624A3D0053C1A6 /* Release */,
			);
			defaultConfigurationIsVisible = 0;
			defaultConfigurationName = Release;
		};
/* End XCConfigurationList section */
	};
	rootObject = BA7F339D2C624A3B0053C1A6 /* Project object */;
}
